
Microsoft Visual Studio Solution File, Format Version 12.00
# Visual Studio Version 16
VisualStudioVersion = 16.0.31410.357
MinimumVisualStudioVersion = 10.0.40219.1
Project("{FAE04EC0-301F-11D3-BF4B-00C04F79EFBC}") = "Warps", "Warps\Warps.csproj", "{F36425AF-B728-4F15-8990-273EC379D7BC}"
EndProject
Global
	GlobalSection(SolutionConfigurationPlatforms) = preSolution
		Debug|Any CPU = Debug|Any CPU
		Release|Any CPU = Release|Any CPU
	EndGlobalSection
	GlobalSection(ProjectConfigurationPlatforms) = postSolution
		{F36425AF-B728-4F15-8990-273EC379D7BC}.Debug|Any CPU.ActiveCfg = Debug|Any CPU
		{F36425AF-B728-4F15-8990-273EC379D7BC}.Debug|Any CPU.Build.0 = Debug|Any CPU
		{F36425AF-B728-4F15-8990-273EC379D7BC}.Release|Any CPU.ActiveCfg = Release|Any CPU
		{F36425AF-B728-4F15-8990-273EC379D7BC}.Release|Any CPU.Build.0 = Release|Any CPU
	EndGlobalSection
	GlobalSection(SolutionProperties) = preSolution
		HideSolutionNode = FALSE
	EndGlobalSection
	GlobalSection(ExtensibilityGlobals) = postSolution
		SolutionGuid = {358D3DDE-0351-4B77-8307-E9E6C171B935}
	EndGlobalSection
EndGlobal
