
Microsoft Visual Studio Solution File, Format Version 12.00
# Visual Studio Version 16
VisualStudioVersion = 16.0.31410.357
MinimumVisualStudioVersion = 10.0.40219.1
Project("{FAE04EC0-301F-11D3-BF4B-00C04F79EFBC}") = "Flight", "Flight\Flight.csproj", "{A330F0AA-8D12-4D2E-BC5C-89E37B91F2AA}"
EndProject
Global
	GlobalSection(SolutionConfigurationPlatforms) = preSolution
		Debug|Any CPU = Debug|Any CPU
		Release|Any CPU = Release|Any CPU
	EndGlobalSection
	GlobalSection(ProjectConfigurationPlatforms) = postSolution
		{A330F0AA-8D12-4D2E-BC5C-89E37B91F2AA}.Debug|Any CPU.ActiveCfg = Debug|Any CPU
		{A330F0AA-8D12-4D2E-BC5C-89E37B91F2AA}.Debug|Any CPU.Build.0 = Debug|Any CPU
		{A330F0AA-8D12-4D2E-BC5C-89E37B91F2AA}.Release|Any CPU.ActiveCfg = Release|Any CPU
		{A330F0AA-8D12-4D2E-BC5C-89E37B91F2AA}.Release|Any CPU.Build.0 = Release|Any CPU
	EndGlobalSection
	GlobalSection(SolutionProperties) = preSolution
		HideSolutionNode = FALSE
	EndGlobalSection
	GlobalSection(ExtensibilityGlobals) = postSolution
		SolutionGuid = {D06D4A63-E01E-4CF9-987A-0E50981771D2}
	EndGlobalSection
EndGlobal
